
Microsoft Visual Studio Solution File, Format Version 12.00
# Visual Studio Version 16
VisualStudioVersion = 16.0.30503.244
MinimumVisualStudioVersion = 10.0.40219.1
Project("{8BC9CEB8-8B4A-11D0-8D11-00A0C91BC942}") = "CollisionExploration", "CollisionExploration\CollisionExploration.vcxproj", "{021BFDEE-3E50-4E4C-8D90-6A7B3A6D4E45}"
EndProject
Global
	GlobalSection(SolutionConfigurationPlatforms) = preSolution
		Debug|x64 = Debug|x64
		Debug|x86 = Debug|x86
		Release|x64 = Release|x64
		Release|x86 = Release|x86
	EndGlobalSection
	GlobalSection(ProjectConfigurationPlatforms) = postSolution
		{021BFDEE-3E50-4E4C-8D90-6A7B3A6D4E45}.Debug|x64.ActiveCfg = Debug|x64
		{021BFDEE-3E50-4E4C-8D90-6A7B3A6D4E45}.Debug|x64.Build.0 = Debug|x64
		{021BFDEE-3E50-4E4C-8D90-6A7B3A6D4E45}.Debug|x86.ActiveCfg = Debug|Win32
		{021BFDEE-3E50-4E4C-8D90-6A7B3A6D4E45}.Debug|x86.Build.0 = Debug|Win32
		{021BFDEE-3E50-4E4C-8D90-6A7B3A6D4E45}.Release|x64.ActiveCfg = Release|x64
		{021BFDEE-3E50-4E4C-8D90-6A7B3A6D4E45}.Release|x64.Build.0 = Release|x64
		{021BFDEE-3E50-4E4C-8D90-6A7B3A6D4E45}.Release|x86.ActiveCfg = Release|Win32
		{021BFDEE-3E50-4E4C-8D90-6A7B3A6D4E45}.Release|x86.Build.0 = Release|Win32
	EndGlobalSection
	GlobalSection(SolutionProperties) = preSolution
		HideSolutionNode = FALSE
	EndGlobalSection
	GlobalSection(ExtensibilityGlobals) = postSolution
		SolutionGuid = {84BBB92B-099E-4FC7-A6DC-54772E134B0F}
	EndGlobalSection
EndGlobal
